Microsoft Visual Studio Solution File, Format Version 12.00
# Visual Studio Version 17
VisualStudioVersion = 17.5.2.0
MinimumVisualStudioVersion = 10.0.40219.1
Project("{FAE04EC0-301F-11D3-BF4B-00C04F79EFBC}") = "OdinGame", "OdinGame\OdinGame.csproj", "{12EDA37B-C3CA-2105-7556-57FEBF46C931}"
EndProject
Global
	GlobalSection(SolutionConfigurationPlatforms) = preSolution
		Debug|Any CPU = Debug|Any CPU
		Release|Any CPU = Release|Any CPU
	EndGlobalSection
	GlobalSection(ProjectConfigurationPlatforms) = postSolution
		{12EDA37B-C3CA-2105-7556-57FEBF46C931}.Debug|Any CPU.ActiveCfg = Debug|Any CPU
		{12EDA37B-C3CA-2105-7556-57FEBF46C931}.Debug|Any CPU.Build.0 = Debug|Any CPU
		{12EDA37B-C3CA-2105-7556-57FEBF46C931}.Release|Any CPU.ActiveCfg = Release|Any CPU
		{12EDA37B-C3CA-2105-7556-57FEBF46C931}.Release|Any CPU.Build.0 = Release|Any CPU
	EndGlobalSection
	GlobalSection(SolutionProperties) = preSolution
		HideSolutionNode = FALSE
	EndGlobalSection
	GlobalSection(ExtensibilityGlobals) = postSolution
		SolutionGuid = {B96098D4-B155-4AE4-86B6-33B48014E70A}
	EndGlobalSection
EndGlobal
